
Microsoft Visual Studio Solution File, Format Version 12.00
Project("{2150E333-8FDC-42A3-9474-1A3956D46DE8}") = "Inputs", "Inputs", "{B1DCFAC9-58A3-488E-867E-6BDEBBF6F34B}"
	ProjectSection(SolutionItems) = preProject
		Inputs\Day1Input.txt = Inputs\Day1Input.txt
		Inputs\Day2Input.txt = Inputs\Day2Input.txt
		Inputs\Day3Input.txt = Inputs\Day3Input.txt
		Inputs\Day3Input_basic.txt = Inputs\Day3Input_basic.txt
		Inputs\Day4Input.txt = Inputs\Day4Input.txt
		Inputs\Day4Input_basic.txt = Inputs\Day4Input_basic.txt
		Inputs\Day5Input.txt = Inputs\Day5Input.txt
		Inputs\Day5Input_basic.txt = Inputs\Day5Input_basic.txt
	EndProjectSection
EndProject
Project("{FAE04EC0-301F-11D3-BF4B-00C04F79EFBC}") = "Day1", "src\Day1\Day1.csproj", "{82877337-0D78-499B-A965-80EFABB87FD1}"
EndProject
Project("{FAE04EC0-301F-11D3-BF4B-00C04F79EFBC}") = "Day2", "src\Day2\Day2.csproj", "{9858F894-CDE2-4294-B624-FB1BD1AE93C5}"
EndProject
Project("{FAE04EC0-301F-11D3-BF4B-00C04F79EFBC}") = "Day3", "src\Day3\Day3.csproj", "{4842C56D-7BAB-4A9E-945C-FEBE3F3B33E9}"
EndProject
Project("{FAE04EC0-301F-11D3-BF4B-00C04F79EFBC}") = "Utils", "src\Utils\Utils.csproj", "{E7C27877-1183-42A3-9BC8-5B589B1E37B8}"
EndProject
Project("{FAE04EC0-301F-11D3-BF4B-00C04F79EFBC}") = "Day4", "src\Day4\Day4.csproj", "{D9F8A934-2DFA-4129-A8D4-C34D53973890}"
EndProject
Project("{FAE04EC0-301F-11D3-BF4B-00C04F79EFBC}") = "Day5", "src\Day5\Day5.csproj", "{DCAF5F95-32CD-47AD-ABD4-356B2BC9BC5F}"
EndProject
Global
	GlobalSection(SolutionConfigurationPlatforms) = preSolution
		Debug|Any CPU = Debug|Any CPU
		Release|Any CPU = Release|Any CPU
	EndGlobalSection
	GlobalSection(ProjectConfigurationPlatforms) = postSolution
		{82877337-0D78-499B-A965-80EFABB87FD1}.Debug|Any CPU.ActiveCfg = Debug|Any CPU
		{82877337-0D78-499B-A965-80EFABB87FD1}.Debug|Any CPU.Build.0 = Debug|Any CPU
		{82877337-0D78-499B-A965-80EFABB87FD1}.Release|Any CPU.ActiveCfg = Release|Any CPU
		{82877337-0D78-499B-A965-80EFABB87FD1}.Release|Any CPU.Build.0 = Release|Any CPU
		{9858F894-CDE2-4294-B624-FB1BD1AE93C5}.Debug|Any CPU.ActiveCfg = Debug|Any CPU
		{9858F894-CDE2-4294-B624-FB1BD1AE93C5}.Debug|Any CPU.Build.0 = Debug|Any CPU
		{9858F894-CDE2-4294-B624-FB1BD1AE93C5}.Release|Any CPU.ActiveCfg = Release|Any CPU
		{9858F894-CDE2-4294-B624-FB1BD1AE93C5}.Release|Any CPU.Build.0 = Release|Any CPU
		{4842C56D-7BAB-4A9E-945C-FEBE3F3B33E9}.Debug|Any CPU.ActiveCfg = Debug|Any CPU
		{4842C56D-7BAB-4A9E-945C-FEBE3F3B33E9}.Debug|Any CPU.Build.0 = Debug|Any CPU
		{4842C56D-7BAB-4A9E-945C-FEBE3F3B33E9}.Release|Any CPU.ActiveCfg = Release|Any CPU
		{4842C56D-7BAB-4A9E-945C-FEBE3F3B33E9}.Release|Any CPU.Build.0 = Release|Any CPU
		{E7C27877-1183-42A3-9BC8-5B589B1E37B8}.Debug|Any CPU.ActiveCfg = Debug|Any CPU
		{E7C27877-1183-42A3-9BC8-5B589B1E37B8}.Debug|Any CPU.Build.0 = Debug|Any CPU
		{E7C27877-1183-42A3-9BC8-5B589B1E37B8}.Release|Any CPU.ActiveCfg = Release|Any CPU
		{E7C27877-1183-42A3-9BC8-5B589B1E37B8}.Release|Any CPU.Build.0 = Release|Any CPU
		{D9F8A934-2DFA-4129-A8D4-C34D53973890}.Debug|Any CPU.ActiveCfg = Debug|Any CPU
		{D9F8A934-2DFA-4129-A8D4-C34D53973890}.Debug|Any CPU.Build.0 = Debug|Any CPU
		{D9F8A934-2DFA-4129-A8D4-C34D53973890}.Release|Any CPU.ActiveCfg = Release|Any CPU
		{D9F8A934-2DFA-4129-A8D4-C34D53973890}.Release|Any CPU.Build.0 = Release|Any CPU
		{DCAF5F95-32CD-47AD-ABD4-356B2BC9BC5F}.Debug|Any CPU.ActiveCfg = Debug|Any CPU
		{DCAF5F95-32CD-47AD-ABD4-356B2BC9BC5F}.Debug|Any CPU.Build.0 = Debug|Any CPU
		{DCAF5F95-32CD-47AD-ABD4-356B2BC9BC5F}.Release|Any CPU.ActiveCfg = Release|Any CPU
		{DCAF5F95-32CD-47AD-ABD4-356B2BC9BC5F}.Release|Any CPU.Build.0 = Release|Any CPU
	EndGlobalSection
EndGlobal
